
Microsoft Visual Studio Solution File, Format Version 12.00
# Visual Studio Version 16
VisualStudioVersion = 16.0.810.22
MinimumVisualStudioVersion = 10.0.40219.1
Project("{FAE04EC0-301F-11D3-BF4B-00C04F79EFBC}") = "Task1", "Task1\Task1.csproj", "{46349D24-DEBB-4F0F-99CF-C4DE3DB23EB2}"
EndProject
Global
	GlobalSection(SolutionConfigurationPlatforms) = preSolution
		Debug|Any CPU = Debug|Any CPU
		Release|Any CPU = Release|Any CPU
	EndGlobalSection
	GlobalSection(ProjectConfigurationPlatforms) = postSolution
		{46349D24-DEBB-4F0F-99CF-C4DE3DB23EB2}.Debug|Any CPU.ActiveCfg = Debug|Any CPU
		{46349D24-DEBB-4F0F-99CF-C4DE3DB23EB2}.Debug|Any CPU.Build.0 = Debug|Any CPU
		{46349D24-DEBB-4F0F-99CF-C4DE3DB23EB2}.Release|Any CPU.ActiveCfg = Release|Any CPU
		{46349D24-DEBB-4F0F-99CF-C4DE3DB23EB2}.Release|Any CPU.Build.0 = Release|Any CPU
	EndGlobalSection
	GlobalSection(SolutionProperties) = preSolution
		HideSolutionNode = FALSE
	EndGlobalSection
	GlobalSection(ExtensibilityGlobals) = postSolution
		SolutionGuid = {D2D9CDFF-8EF4-4850-AE8E-EDA2E812F978}
	EndGlobalSection
EndGlobal
